github.com/RageCage64/go-assert v0.2.1 h1:xTDJnm9q2IDdXKKUVUMEr3pCnwQCiubB5gu+t60NbNY=
github.com/RageCage64/go-assert v0.2.1/go.mod h1:YuWzhAJlE4Z2TW2D4msNx1mNU0wA+6lmAL0lP1l7yd4=
github.com/RageCage64/go-assert v0.2.2 h1:wwPA2yibB7XmaQKpw4xk7NfVPdJ1v79GlBvmS8P9ROM=
github.com/RageCage64/go-assert v0.2.2/go.mod h1:YuWzhAJlE4Z2TW2D4msNx1mNU0wA+6lmAL0lP1l7yd4=
